# This file is automatically @generated by Cargo.
# It is not intended for manual editing.
version = 3

[[package]]
name = "pyuppsala-interop"
version = "0.1.0"
dependencies = [
 "uppsala",
]

[[package]]
name = "uppsala"
version = "0.9.0"
source = "registry+https://github.com/rust-lang/crates.io-index"
checksum = "b83b4950a552cd9812b6afd150ea10729617d28208bba122912eb196c2261d4d"
