# This file is automatically @generated by Cargo.
# It is not intended for manual editing.
version = 3

[[package]]
name = "pyuppsala-interop"
version = "0.2.0"
dependencies = [
 "self_cell",
 "uppsala",
]

[[package]]
name = "self_cell"
version = "1.3.0"
source = "registry+https://github.com/rust-lang/crates.io-index"
checksum = "2ab42ca02749e120097e328d91d415325bdf43b1c72c4c8badf37375fe40a813"

[[package]]
name = "uppsala"
version = "0.9.0"
source = "registry+https://github.com/rust-lang/crates.io-index"
checksum = "b83b4950a552cd9812b6afd150ea10729617d28208bba122912eb196c2261d4d"
